// !$*UTF8*$!
{
	archiveVersion = 1;
	classes = {
	};
	objectVersion = 50;
	objects = {

/* Begin PBXBuildFile section */
		65233DCF23D3B1C500406337 /* NotificationCenter.framework in Frameworks */ = {isa = PBXBuildFile; fileRef = 65233DCE23D3B1C500406337 /* NotificationCenter.framework */; };
		65233DD223D3B1C500406337 /* TodayViewController.swift in Sources */ = {isa = PBXBuildFile; fileRef = 65233DD123D3B1C500406337 /* TodayViewController.swift */; };
		65233DD523D3B1C500406337 /* MainInterface.storyboard in Resources */ = {isa = PBXBuildFile; fileRef = 65233DD323D3B1C500406337 /* MainInterface.storyboard */; };
		65233DD923D3B1C500406337 /* MarvelWidget.appex in Embed App Extensions */ = {isa = PBXBuildFile; fileRef = 65233DCC23D3B1C500406337 /* MarvelWidget.appex */; settings = {ATTRIBUTES = (RemoveHeadersOnCopy, ); }; };
		65233DE023D3D15700406337 /* MarvelModel.swift in Sources */ = {isa = PBXBuildFile; fileRef = 65DBA85023CE8CA600D99F70 /* MarvelModel.swift */; };
		65233DE123D3D17A00406337 /* APIManager.swift in Sources */ = {isa = PBXBuildFile; fileRef = 65DBA84E23CE8AF500D99F70 /* APIManager.swift */; };
		65233DE223D3D18000406337 /* CardCollectionViewCell.swift in Sources */ = {isa = PBXBuildFile; fileRef = 65DBA85823CFD98D00D99F70 /* CardCollectionViewCell.swift */; };
		65233DE323D3D19B00406337 /* CharactersViewController.swift in Sources */ = {isa = PBXBuildFile; fileRef = 65DBA85223CEA54600D99F70 /* CharactersViewController.swift */; };
		65233DE423D3D1A000406337 /* DetailsViewController.swift in Sources */ = {isa = PBXBuildFile; fileRef = 65DBA85623CEAD7600D99F70 /* DetailsViewController.swift */; };
		65233DE523D3D1A400406337 /* FavoritesViewController.swift in Sources */ = {isa = PBXBuildFile; fileRef = 65DBA85423CEA57900D99F70 /* FavoritesViewController.swift */; };
		65233DE723D3FD2B00406337 /* EmptyListView.xib in Resources */ = {isa = PBXBuildFile; fileRef = 65233DE623D3FD2B00406337 /* EmptyListView.xib */; };
		65233DE923D3FEF900406337 /* EmptyListView.swift in Sources */ = {isa = PBXBuildFile; fileRef = 65233DE823D3FEF900406337 /* EmptyListView.swift */; };
		65233DEB23D40B0000406337 /* ComicsSeriesViewCell.xib in Resources */ = {isa = PBXBuildFile; fileRef = 65233DEA23D40B0000406337 /* ComicsSeriesViewCell.xib */; };
		65233DED23D40DB700406337 /* ComicsSeriesViewCell.swift in Sources */ = {isa = PBXBuildFile; fileRef = 65233DEC23D40DB700406337 /* ComicsSeriesViewCell.swift */; };
		655E667123D2900F0093371D /* CardCollectionViewCell.xib in Resources */ = {isa = PBXBuildFile; fileRef = 655E667023D2900F0093371D /* CardCollectionViewCell.xib */; };
		65DBA81B23CE89BA00D99F70 /* AppDelegate.swift in Sources */ = {isa = PBXBuildFile; fileRef = 65DBA81A23CE89BA00D99F70 /* AppDelegate.swift */; };
		65DBA81D23CE89BA00D99F70 /* SceneDelegate.swift in Sources */ = {isa = PBXBuildFile; fileRef = 65DBA81C23CE89BA00D99F70 /* SceneDelegate.swift */; };
		65DBA82223CE89BA00D99F70 /* Main.storyboard in Resources */ = {isa = PBXBuildFile; fileRef = 65DBA82023CE89BA00D99F70 /* Main.storyboard */; };
		65DBA82423CE89BC00D99F70 /* Assets.xcassets in Resources */ = {isa = PBXBuildFile; fileRef = 65DBA82323CE89BC00D99F70 /* Assets.xcassets */; };
		65DBA82723CE89BC00D99F70 /* LaunchScreen.storyboard in Resources */ = {isa = PBXBuildFile; fileRef = 65DBA82523CE89BC00D99F70 /* LaunchScreen.storyboard */; };
		65DBA83223CE89BD00D99F70 /* MarvelApplicationTests.swift in Sources */ = {isa = PBXBuildFile; fileRef = 65DBA83123CE89BD00D99F70 /* MarvelApplicationTests.swift */; };
		65DBA83D23CE89BD00D99F70 /* MarvelApplicationUITests.swift in Sources */ = {isa = PBXBuildFile; fileRef = 65DBA83C23CE89BD00D99F70 /* MarvelApplicationUITests.swift */; };
		65DBA84F23CE8AF500D99F70 /* APIManager.swift in Sources */ = {isa = PBXBuildFile; fileRef = 65DBA84E23CE8AF500D99F70 /* APIManager.swift */; };
		65DBA85123CE8CA600D99F70 /* MarvelModel.swift in Sources */ = {isa = PBXBuildFile; fileRef = 65DBA85023CE8CA600D99F70 /* MarvelModel.swift */; };
		65DBA85323CEA54600D99F70 /* CharactersViewController.swift in Sources */ = {isa = PBXBuildFile; fileRef = 65DBA85223CEA54600D99F70 /* CharactersViewController.swift */; };
		65DBA85523CEA57900D99F70 /* FavoritesViewController.swift in Sources */ = {isa = PBXBuildFile; fileRef = 65DBA85423CEA57900D99F70 /* FavoritesViewController.swift */; };
		65DBA85723CEAD7600D99F70 /* DetailsViewController.swift in Sources */ = {isa = PBXBuildFile; fileRef = 65DBA85623CEAD7600D99F70 /* DetailsViewController.swift */; };
		65DBA85923CFD98D00D99F70 /* CardCollectionViewCell.swift in Sources */ = {isa = PBXBuildFile; fileRef = 65DBA85823CFD98D00D99F70 /* CardCollectionViewCell.swift */; };
		65DBA85D23D00B7600D99F70 /* CharactersViewModel.swift in Sources */ = {isa = PBXBuildFile; fileRef = 65DBA85C23D00B7600D99F70 /* CharactersViewModel.swift */; };
		65DBA85E23D00B7600D99F70 /* CharactersViewModel.swift in Sources */ = {isa = PBXBuildFile; fileRef = 65DBA85C23D00B7600D99F70 /* CharactersViewModel.swift */; };
/* End PBXBuildFile section */

/* Begin PBXContainerItemProxy section */
		65233DD723D3B1C500406337 /* PBXContainerItemProxy */ = {
			isa = PBXContainerItemProxy;
			containerPortal = 65DBA80F23CE89BA00D99F70 /* Project object */;
			proxyType = 1;
			remoteGlobalIDString = 65233DCB23D3B1C500406337;
			remoteInfo = MarvelWidget;
		};
		65DBA82E23CE89BD00D99F70 /* PBXContainerItemProxy */ = {
			isa = PBXContainerItemProxy;
			containerPortal = 65DBA80F23CE89BA00D99F70 /* Project object */;
			proxyType = 1;
			remoteGlobalIDString = 65DBA81623CE89BA00D99F70;
			remoteInfo = MarvelApplication;
		};
		65DBA83923CE89BD00D99F70 /* PBXContainerItemProxy */ = {
			isa = PBXContainerItemProxy;
			containerPortal = 65DBA80F23CE89BA00D99F70 /* Project object */;
			proxyType = 1;
			remoteGlobalIDString = 65DBA81623CE89BA00D99F70;
			remoteInfo = MarvelApplication;
		};
/* End PBXContainerItemProxy section */

/* Begin PBXCopyFilesBuildPhase section */
		65233DDD23D3B1C500406337 /* Embed App Extensions */ = {
			isa = PBXCopyFilesBuildPhase;
			buildActionMask = 2147483647;
			dstPath = "";
			dstSubfolderSpec = 13;
			files = (
				65233DD923D3B1C500406337 /* MarvelWidget.appex in Embed App Extensions */,
			);
			name = "Embed App Extensions";
			runOnlyForDeploymentPostprocessing = 0;
		};
/* End PBXCopyFilesBuildPhase section */

/* Begin PBXFileReference section */
		65233DCC23D3B1C500406337 /* MarvelWidget.appex */ = {isa = PBXFileReference; explicitFileType = "wrapper.app-extension"; includeInIndex = 0; path = MarvelWidget.appex; sourceTree = BUILT_PRODUCTS_DIR; };
		65233DCE23D3B1C500406337 /* NotificationCenter.framework */ = {isa = PBXFileReference; lastKnownFileType = wrapper.framework; name = NotificationCenter.framework; path = System/Library/Frameworks/NotificationCenter.framework; sourceTree = SDKROOT; };
		65233DD123D3B1C500406337 /* TodayViewController.swift */ = {isa = PBXFileReference; lastKnownFileType = sourcecode.swift; path = TodayViewController.swift; sourceTree = "<group>"; };
		65233DD423D3B1C500406337 /* Base */ = {isa = PBXFileReference; lastKnownFileType = file.storyboard; name = Base; path = Base.lproj/MainInterface.storyboard; sourceTree = "<group>"; };
		65233DD623D3B1C500406337 /* Info.plist */ = {isa = PBXFileReference; lastKnownFileType = text.plist.xml; path = Info.plist; sourceTree = "<group>"; };
		65233DDE23D3BBE700406337 /* MarvelApplication.entitlements */ = {isa = PBXFileReference; lastKnownFileType = text.plist.entitlements; path = MarvelApplication.entitlements; sourceTree = "<group>"; };
		65233DDF23D3BC2300406337 /* MarvelWidget.entitlements */ = {isa = PBXFileReference; lastKnownFileType = text.plist.entitlements; path = MarvelWidget.entitlements; sourceTree = "<group>"; };
		65233DE623D3FD2B00406337 /* EmptyListView.xib */ = {isa = PBXFileReference; lastKnownFileType = file.xib; path = EmptyListView.xib; sourceTree = "<group>"; };
		65233DE823D3FEF900406337 /* EmptyListView.swift */ = {isa = PBXFileReference; lastKnownFileType = sourcecode.swift; path = EmptyListView.swift; sourceTree = "<group>"; };
		65233DEA23D40B0000406337 /* ComicsSeriesViewCell.xib */ = {isa = PBXFileReference; lastKnownFileType = file.xib; path = ComicsSeriesViewCell.xib; sourceTree = "<group>"; };
		65233DEC23D40DB700406337 /* ComicsSeriesViewCell.swift */ = {isa = PBXFileReference; lastKnownFileType = sourcecode.swift; path = ComicsSeriesViewCell.swift; sourceTree = "<group>"; };
		655E667023D2900F0093371D /* CardCollectionViewCell.xib */ = {isa = PBXFileReference; lastKnownFileType = file.xib; path = CardCollectionViewCell.xib; sourceTree = "<group>"; };
		65DBA81723CE89BA00D99F70 /* MarvelApplication.app */ = {isa = PBXFileReference; explicitFileType = wrapper.application; includeInIndex = 0; path = MarvelApplication.app; sourceTree = BUILT_PRODUCTS_DIR; };
		65DBA81A23CE89BA00D99F70 /* AppDelegate.swift */ = {isa = PBXFileReference; lastKnownFileType = sourcecode.swift; path = AppDelegate.swift; sourceTree = "<group>"; };
		65DBA81C23CE89BA00D99F70 /* SceneDelegate.swift */ = {isa = PBXFileReference; lastKnownFileType = sourcecode.swift; path = SceneDelegate.swift; sourceTree = "<group>"; };
		65DBA82123CE89BA00D99F70 /* Base */ = {isa = PBXFileReference; lastKnownFileType = file.storyboard; name = Base; path = Base.lproj/Main.storyboard; sourceTree = "<group>"; };
		65DBA82323CE89BC00D99F70 /* Assets.xcassets */ = {isa = PBXFileReference; lastKnownFileType = folder.assetcatalog; path = Assets.xcassets; sourceTree = "<group>"; };
		65DBA82623CE89BC00D99F70 /* Base */ = {isa = PBXFileReference; lastKnownFileType = file.storyboard; name = Base; path = Base.lproj/LaunchScreen.storyboard; sourceTree = "<group>"; };
		65DBA82823CE89BC00D99F70 /* Info.plist */ = {isa = PBXFileReference; lastKnownFileType = text.plist.xml; path = Info.plist; sourceTree = "<group>"; };
		65DBA82D23CE89BD00D99F70 /* MarvelApplicationTests.xctest */ = {isa = PBXFileReference; explicitFileType = wrapper.cfbundle; includeInIndex = 0; path = MarvelApplicationTests.xctest; sourceTree = BUILT_PRODUCTS_DIR; };
		65DBA83123CE89BD00D99F70 /* MarvelApplicationTests.swift */ = {isa = PBXFileReference; lastKnownFileType = sourcecode.swift; path = MarvelApplicationTests.swift; sourceTree = "<group>"; };
		65DBA83323CE89BD00D99F70 /* Info.plist */ = {isa = PBXFileReference; lastKnownFileType = text.plist.xml; path = Info.plist; sourceTree = "<group>"; };
		65DBA83823CE89BD00D99F70 /* MarvelApplicationUITests.xctest */ = {isa = PBXFileReference; explicitFileType = wrapper.cfbundle; includeInIndex = 0; path = MarvelApplicationUITests.xctest; sourceTree = BUILT_PRODUCTS_DIR; };
		65DBA83C23CE89BD00D99F70 /* MarvelApplicationUITests.swift */ = {isa = PBXFileReference; lastKnownFileType = sourcecode.swift; path = MarvelApplicationUITests.swift; sourceTree = "<group>"; };
		65DBA83E23CE89BD00D99F70 /* Info.plist */ = {isa = PBXFileReference; lastKnownFileType = text.plist.xml; path = Info.plist; sourceTree = "<group>"; };
		65DBA84E23CE8AF500D99F70 /* APIManager.swift */ = {isa = PBXFileReference; lastKnownFileType = sourcecode.swift; path = APIManager.swift; sourceTree = "<group>"; };
		65DBA85023CE8CA600D99F70 /* MarvelModel.swift */ = {isa = PBXFileReference; lastKnownFileType = sourcecode.swift; path = MarvelModel.swift; sourceTree = "<group>"; };
		65DBA85223CEA54600D99F70 /* CharactersViewController.swift */ = {isa = PBXFileReference; lastKnownFileType = sourcecode.swift; path = CharactersViewController.swift; sourceTree = "<group>"; };
		65DBA85423CEA57900D99F70 /* FavoritesViewController.swift */ = {isa = PBXFileReference; lastKnownFileType = sourcecode.swift; path = FavoritesViewController.swift; sourceTree = "<group>"; };
		65DBA85623CEAD7600D99F70 /* DetailsViewController.swift */ = {isa = PBXFileReference; lastKnownFileType = sourcecode.swift; path = DetailsViewController.swift; sourceTree = "<group>"; };
		65DBA85823CFD98D00D99F70 /* CardCollectionViewCell.swift */ = {isa = PBXFileReference; lastKnownFileType = sourcecode.swift; path = CardCollectionViewCell.swift; sourceTree = "<group>"; };
		65DBA85C23D00B7600D99F70 /* CharactersViewModel.swift */ = {isa = PBXFileReference; lastKnownFileType = sourcecode.swift; path = CharactersViewModel.swift; sourceTree = "<group>"; };
/* End PBXFileReference section */

/* Begin PBXFrameworksBuildPhase section */
		65233DC923D3B1C500406337 /* Frameworks */ = {
			isa = PBXFrameworksBuildPhase;
			buildActionMask = 2147483647;
			files = (
				65233DCF23D3B1C500406337 /* NotificationCenter.framework in Frameworks */,
			);
			runOnlyForDeploymentPostprocessing = 0;
		};
		65DBA81423CE89BA00D99F70 /* Frameworks */ = {
			isa = PBXFrameworksBuildPhase;
			buildActionMask = 2147483647;
			files = (
			);
			runOnlyForDeploymentPostprocessing = 0;
		};
		65DBA82A23CE89BD00D99F70 /* Frameworks */ = {
			isa = PBXFrameworksBuildPhase;
			buildActionMask = 2147483647;
			files = (
			);
			runOnlyForDeploymentPostprocessing = 0;
		};
		65DBA83523CE89BD00D99F70 /* Frameworks */ = {
			isa = PBXFrameworksBuildPhase;
			buildActionMask = 2147483647;
			files = (
			);
			runOnlyForDeploymentPostprocessing = 0;
		};
/* End PBXFrameworksBuildPhase section */

/* Begin PBXGroup section */
		65233DC723D2AD7800406337 /* Resources */ = {
			isa = PBXGroup;
			children = (
				65DBA82023CE89BA00D99F70 /* Main.storyboard */,
				65DBA82523CE89BC00D99F70 /* LaunchScreen.storyboard */,
				655E667023D2900F0093371D /* CardCollectionViewCell.xib */,
				65233DE623D3FD2B00406337 /* EmptyListView.xib */,
				65233DEA23D40B0000406337 /* ComicsSeriesViewCell.xib */,
			);
			path = Resources;
			sourceTree = "<group>";
		};
		65233DCD23D3B1C500406337 /* Frameworks */ = {
			isa = PBXGroup;
			children = (
				65233DCE23D3B1C500406337 /* NotificationCenter.framework */,
			);
			name = Frameworks;
			sourceTree = "<group>";
		};
		65233DD023D3B1C500406337 /* MarvelWidget */ = {
			isa = PBXGroup;
			children = (
				65233DDF23D3BC2300406337 /* MarvelWidget.entitlements */,
				65233DD123D3B1C500406337 /* TodayViewController.swift */,
				65233DD323D3B1C500406337 /* MainInterface.storyboard */,
				65233DD623D3B1C500406337 /* Info.plist */,
			);
			path = MarvelWidget;
			sourceTree = "<group>";
		};
		65DBA80E23CE89BA00D99F70 = {
			isa = PBXGroup;
			children = (
				65DBA81923CE89BA00D99F70 /* MarvelApplication */,
				65DBA83023CE89BD00D99F70 /* MarvelApplicationTests */,
				65DBA83B23CE89BD00D99F70 /* MarvelApplicationUITests */,
				65233DD023D3B1C500406337 /* MarvelWidget */,
				65233DCD23D3B1C500406337 /* Frameworks */,
				65DBA81823CE89BA00D99F70 /* Products */,
			);
			sourceTree = "<group>";
		};
		65DBA81823CE89BA00D99F70 /* Products */ = {
			isa = PBXGroup;
			children = (
				65DBA81723CE89BA00D99F70 /* MarvelApplication.app */,
				65DBA82D23CE89BD00D99F70 /* MarvelApplicationTests.xctest */,
				65DBA83823CE89BD00D99F70 /* MarvelApplicationUITests.xctest */,
				65233DCC23D3B1C500406337 /* MarvelWidget.appex */,
			);
			name = Products;
			sourceTree = "<group>";
		};
		65DBA81923CE89BA00D99F70 /* MarvelApplication */ = {
			isa = PBXGroup;
			children = (
				65233DDE23D3BBE700406337 /* MarvelApplication.entitlements */,
				65DBA84D23CE8ABA00D99F70 /* Manager */,
				65DBA84C23CE8AB200D99F70 /* ViewModel */,
				65DBA84B23CE8AA800D99F70 /* View */,
				65DBA84A23CE8AA100D99F70 /* Model */,
				65DBA81A23CE89BA00D99F70 /* AppDelegate.swift */,
				65DBA81C23CE89BA00D99F70 /* SceneDelegate.swift */,
				65DBA82323CE89BC00D99F70 /* Assets.xcassets */,
				65DBA82823CE89BC00D99F70 /* Info.plist */,
			);
			path = MarvelApplication;
			sourceTree = "<group>";
		};
		65DBA83023CE89BD00D99F70 /* MarvelApplicationTests */ = {
			isa = PBXGroup;
			children = (
				65DBA83123CE89BD00D99F70 /* MarvelApplicationTests.swift */,
				65DBA83323CE89BD00D99F70 /* Info.plist */,
			);
			path = MarvelApplicationTests;
			sourceTree = "<group>";
		};
		65DBA83B23CE89BD00D99F70 /* MarvelApplicationUITests */ = {
			isa = PBXGroup;
			children = (
				65DBA83C23CE89BD00D99F70 /* MarvelApplicationUITests.swift */,
				65DBA83E23CE89BD00D99F70 /* Info.plist */,
			);
			path = MarvelApplicationUITests;
			sourceTree = "<group>";
		};
		65DBA84A23CE8AA100D99F70 /* Model */ = {
			isa = PBXGroup;
			children = (
				65DBA85023CE8CA600D99F70 /* MarvelModel.swift */,
			);
			path = Model;
			sourceTree = "<group>";
		};
		65DBA84B23CE8AA800D99F70 /* View */ = {
			isa = PBXGroup;
			children = (
				65233DC723D2AD7800406337 /* Resources */,
				65DBA85823CFD98D00D99F70 /* CardCollectionViewCell.swift */,
				65233DEC23D40DB700406337 /* ComicsSeriesViewCell.swift */,
				65DBA85423CEA57900D99F70 /* FavoritesViewController.swift */,
				65DBA85623CEAD7600D99F70 /* DetailsViewController.swift */,
				65DBA85223CEA54600D99F70 /* CharactersViewController.swift */,
				65233DE823D3FEF900406337 /* EmptyListView.swift */,
			);
			path = View;
			sourceTree = "<group>";
		};
		65DBA84C23CE8AB200D99F70 /* ViewModel */ = {
			isa = PBXGroup;
			children = (
				65DBA85C23D00B7600D99F70 /* CharactersViewModel.swift */,
			);
			path = ViewModel;
			sourceTree = "<group>";
		};
		65DBA84D23CE8ABA00D99F70 /* Manager */ = {
			isa = PBXGroup;
			children = (
				65DBA84E23CE8AF500D99F70 /* APIManager.swift */,
			);
			path = Manager;
			sourceTree = "<group>";
		};
/* End PBXGroup section */

/* Begin PBXNativeTarget section */
		65233DCB23D3B1C500406337 /* MarvelWidget */ = {
			isa = PBXNativeTarget;
			buildConfigurationList = 65233DDA23D3B1C500406337 /* Build configuration list for PBXNativeTarget "MarvelWidget" */;
			buildPhases = (
				65233DC823D3B1C500406337 /* Sources */,
				65233DC923D3B1C500406337 /* Frameworks */,
				65233DCA23D3B1C500406337 /* Resources */,
			);
			buildRules = (
			);
			dependencies = (
			);
			name = MarvelWidget;
			productName = MarvelWidget;
			productReference = 65233DCC23D3B1C500406337 /* MarvelWidget.appex */;
			productType = "com.apple.product-type.app-extension";
		};
		65DBA81623CE89BA00D99F70 /* MarvelApplication */ = {
			isa = PBXNativeTarget;
			buildConfigurationList = 65DBA84123CE89BD00D99F70 /* Build configuration list for PBXNativeTarget "MarvelApplication" */;
			buildPhases = (
				65DBA81323CE89BA00D99F70 /* Sources */,
				65DBA81423CE89BA00D99F70 /* Frameworks */,
				65DBA81523CE89BA00D99F70 /* Resources */,
				65233DDD23D3B1C500406337 /* Embed App Extensions */,
			);
			buildRules = (
			);
			dependencies = (
				65233DD823D3B1C500406337 /* PBXTargetDependency */,
			);
			name = MarvelApplication;
			productName = MarvelApplication;
			productReference = 65DBA81723CE89BA00D99F70 /* MarvelApplication.app */;
			productType = "com.apple.product-type.application";
		};
		65DBA82C23CE89BD00D99F70 /* MarvelApplicationTests */ = {
			isa = PBXNativeTarget;
			buildConfigurationList = 65DBA84423CE89BD00D99F70 /* Build configuration list for PBXNativeTarget "MarvelApplicationTests" */;
			buildPhases = (
				65DBA82923CE89BD00D99F70 /* Sources */,
				65DBA82A23CE89BD00D99F70 /* Frameworks */,
				65DBA82B23CE89BD00D99F70 /* Resources */,
			);
			buildRules = (
			);
			dependencies = (
				65DBA82F23CE89BD00D99F70 /* PBXTargetDependency */,
			);
			name = MarvelApplicationTests;
			productName = MarvelApplicationTests;
			productReference = 65DBA82D23CE89BD00D99F70 /* MarvelApplicationTests.xctest */;
			productType = "com.apple.product-type.bundle.unit-test";
		};
		65DBA83723CE89BD00D99F70 /* MarvelApplicationUITests */ = {
			isa = PBXNativeTarget;
			buildConfigurationList = 65DBA84723CE89BD00D99F70 /* Build configuration list for PBXNativeTarget "MarvelApplicationUITests" */;
			buildPhases = (
				65DBA83423CE89BD00D99F70 /* Sources */,
				65DBA83523CE89BD00D99F70 /* Frameworks */,
				65DBA83623CE89BD00D99F70 /* Resources */,
			);
			buildRules = (
			);
			dependencies = (
				65DBA83A23CE89BD00D99F70 /* PBXTargetDependency */,
			);
			name = MarvelApplicationUITests;
			productName = MarvelApplicationUITests;
			productReference = 65DBA83823CE89BD00D99F70 /* MarvelApplicationUITests.xctest */;
			productType = "com.apple.product-type.bundle.ui-testing";
		};
/* End PBXNativeTarget section */

/* Begin PBXProject section */
		65DBA80F23CE89BA00D99F70 /* Project object */ = {
			isa = PBXProject;
			attributes = {
				LastSwiftUpdateCheck = 1110;
				LastUpgradeCheck = 1110;
				ORGANIZATIONNAME = "Bruno Augusto Constantino";
				TargetAttributes = {
					65233DCB23D3B1C500406337 = {
						CreatedOnToolsVersion = 11.1;
					};
					65DBA81623CE89BA00D99F70 = {
						CreatedOnToolsVersion = 11.1;
					};
					65DBA82C23CE89BD00D99F70 = {
						CreatedOnToolsVersion = 11.1;
						TestTargetID = 65DBA81623CE89BA00D99F70;
					};
					65DBA83723CE89BD00D99F70 = {
						CreatedOnToolsVersion = 11.1;
						TestTargetID = 65DBA81623CE89BA00D99F70;
					};
				};
			};
			buildConfigurationList = 65DBA81223CE89BA00D99F70 /* Build configuration list for PBXProject "MarvelApplication" */;
			compatibilityVersion = "Xcode 9.3";
			developmentRegion = en;
			hasScannedForEncodings = 0;
			knownRegions = (
				en,
				Base,
			);
			mainGroup = 65DBA80E23CE89BA00D99F70;
			productRefGroup = 65DBA81823CE89BA00D99F70 /* Products */;
			projectDirPath = "";
			projectRoot = "";
			targets = (
				65DBA81623CE89BA00D99F70 /* MarvelApplication */,
				65DBA82C23CE89BD00D99F70 /* MarvelApplicationTests */,
				65DBA83723CE89BD00D99F70 /* MarvelApplicationUITests */,
				65233DCB23D3B1C500406337 /* MarvelWidget */,
			);
		};
/* End PBXProject section */

/* Begin PBXResourcesBuildPhase section */
		65233DCA23D3B1C500406337 /* Resources */ = {
			isa = PBXResourcesBuildPhase;
			buildActionMask = 2147483647;
			files = (
				65233DD523D3B1C500406337 /* MainInterface.storyboard in Resources */,
			);
			runOnlyForDeploymentPostprocessing = 0;
		};
		65DBA81523CE89BA00D99F70 /* Resources */ = {
			isa = PBXResourcesBuildPhase;
			buildActionMask = 2147483647;
			files = (
				655E667123D2900F0093371D /* CardCollectionViewCell.xib in Resources */,
				65233DE723D3FD2B00406337 /* EmptyListView.xib in Resources */,
				65DBA82723CE89BC00D99F70 /* LaunchScreen.storyboard in Resources */,
				65DBA82423CE89BC00D99F70 /* Assets.xcassets in Resources */,
				65DBA82223CE89BA00D99F70 /* Main.storyboard in Resources */,
				65233DEB23D40B0000406337 /* ComicsSeriesViewCell.xib in Resources */,
			);
			runOnlyForDeploymentPostprocessing = 0;
		};
		65DBA82B23CE89BD00D99F70 /* Resources */ = {
			isa = PBXResourcesBuildPhase;
			buildActionMask = 2147483647;
			files = (
			);
			runOnlyForDeploymentPostprocessing = 0;
		};
		65DBA83623CE89BD00D99F70 /* Resources */ = {
			isa = PBXResourcesBuildPhase;
			buildActionMask = 2147483647;
			files = (
			);
			runOnlyForDeploymentPostprocessing = 0;
		};
/* End PBXResourcesBuildPhase section */

/* Begin PBXSourcesBuildPhase section */
		65233DC823D3B1C500406337 /* Sources */ = {
			isa = PBXSourcesBuildPhase;
			buildActionMask = 2147483647;
			files = (
				65233DD223D3B1C500406337 /* TodayViewController.swift in Sources */,
			);
			runOnlyForDeploymentPostprocessing = 0;
		};
		65DBA81323CE89BA00D99F70 /* Sources */ = {
			isa = PBXSourcesBuildPhase;
			buildActionMask = 2147483647;
			files = (
				65DBA84F23CE8AF500D99F70 /* APIManager.swift in Sources */,
				65DBA85523CEA57900D99F70 /* FavoritesViewController.swift in Sources */,
				65DBA85723CEAD7600D99F70 /* DetailsViewController.swift in Sources */,
				65DBA85D23D00B7600D99F70 /* CharactersViewModel.swift in Sources */,
				65233DE923D3FEF900406337 /* EmptyListView.swift in Sources */,
				65DBA85323CEA54600D99F70 /* CharactersViewController.swift in Sources */,
				65DBA81B23CE89BA00D99F70 /* AppDelegate.swift in Sources */,
				65DBA85923CFD98D00D99F70 /* CardCollectionViewCell.swift in Sources */,
				65DBA81D23CE89BA00D99F70 /* SceneDelegate.swift in Sources */,
				65233DED23D40DB700406337 /* ComicsSeriesViewCell.swift in Sources */,
				65DBA85123CE8CA600D99F70 /* MarvelModel.swift in Sources */,
			);
			runOnlyForDeploymentPostprocessing = 0;
		};
		65DBA82923CE89BD00D99F70 /* Sources */ = {
			isa = PBXSourcesBuildPhase;
			buildActionMask = 2147483647;
			files = (
				65233DE123D3D17A00406337 /* APIManager.swift in Sources */,
				65233DE023D3D15700406337 /* MarvelModel.swift in Sources */,
				65233DE523D3D1A400406337 /* FavoritesViewController.swift in Sources */,
				65233DE323D3D19B00406337 /* CharactersViewController.swift in Sources */,
				65DBA85E23D00B7600D99F70 /* CharactersViewModel.swift in Sources */,
				65233DE423D3D1A000406337 /* DetailsViewController.swift in Sources */,
				65233DE223D3D18000406337 /* CardCollectionViewCell.swift in Sources */,
				65DBA83223CE89BD00D99F70 /* MarvelApplicationTests.swift in Sources */,
			);
			runOnlyForDeploymentPostprocessing = 0;
		};
		65DBA83423CE89BD00D99F70 /* Sources */ = {
			isa = PBXSourcesBuildPhase;
			buildActionMask = 2147483647;
			files = (
				65DBA83D23CE89BD00D99F70 /* MarvelApplicationUITests.swift in Sources */,
			);
			runOnlyForDeploymentPostprocessing = 0;
		};
/* End PBXSourcesBuildPhase section */

/* Begin PBXTargetDependency section */
		65233DD823D3B1C500406337 /* PBXTargetDependency */ = {
			isa = PBXTargetDependency;
			target = 65233DCB23D3B1C500406337 /* MarvelWidget */;
			targetProxy = 65233DD723D3B1C500406337 /* PBXContainerItemProxy */;
		};
		65DBA82F23CE89BD00D99F70 /* PBXTargetDependency */ = {
			isa = PBXTargetDependency;
			target = 65DBA81623CE89BA00D99F70 /* MarvelApplication */;
			targetProxy = 65DBA82E23CE89BD00D99F70 /* PBXContainerItemProxy */;
		};
		65DBA83A23CE89BD00D99F70 /* PBXTargetDependency */ = {
			isa = PBXTargetDependency;
			target = 65DBA81623CE89BA00D99F70 /* MarvelApplication */;
			targetProxy = 65DBA83923CE89BD00D99F70 /* PBXContainerItemProxy */;
		};
/* End PBXTargetDependency section */

/* Begin PBXVariantGroup section */
		65233DD323D3B1C500406337 /* MainInterface.storyboard */ = {
			isa = PBXVariantGroup;
			children = (
				65233DD423D3B1C500406337 /* Base */,
			);
			name = MainInterface.storyboard;
			sourceTree = "<group>";
		};
		65DBA82023CE89BA00D99F70 /* Main.storyboard */ = {
			isa = PBXVariantGroup;
			children = (
				65DBA82123CE89BA00D99F70 /* Base */,
			);
			name = Main.storyboard;
			sourceTree = "<group>";
		};
		65DBA82523CE89BC00D99F70 /* LaunchScreen.storyboard */ = {
			isa = PBXVariantGroup;
			children = (
				65DBA82623CE89BC00D99F70 /* Base */,
			);
			name = LaunchScreen.storyboard;
			sourceTree = "<group>";
		};
/* End PBXVariantGroup section */

/* Begin XCBuildConfiguration section */
		65233DDB23D3B1C500406337 /* Debug */ = {
			isa = XCBuildConfiguration;
			buildSettings = {
				CODE_SIGN_ENTITLEMENTS = MarvelWidget/MarvelWidget.entitlements;
				CODE_SIGN_STYLE = Automatic;
				DEVELOPMENT_TEAM = 76D5N9UG2H;
				INFOPLIST_FILE = MarvelWidget/Info.plist;
				LD_RUNPATH_SEARCH_PATHS = (
					"$(inherited)",
					"@executable_path/Frameworks",
					"@executable_path/../../Frameworks",
				);
				PRODUCT_BUNDLE_IDENTIFIER = bacons.MarvelApplication.MarvelWidget;
				PRODUCT_NAME = "$(TARGET_NAME)";
				SKIP_INSTALL = YES;
				SWIFT_VERSION = 5.0;
				TARGETED_DEVICE_FAMILY = "1,2";
			};
			name = Debug;
		};
		65233DDC23D3B1C500406337 /* Release */ = {
			isa = XCBuildConfiguration;
			buildSettings = {
				CODE_SIGN_ENTITLEMENTS = MarvelWidget/MarvelWidget.entitlements;
				CODE_SIGN_STYLE = Automatic;
				DEVELOPMENT_TEAM = 76D5N9UG2H;
				INFOPLIST_FILE = MarvelWidget/Info.plist;
				LD_RUNPATH_SEARCH_PATHS = (
					"$(inherited)",
					"@executable_path/Frameworks",
					"@executable_path/../../Frameworks",
				);
				PRODUCT_BUNDLE_IDENTIFIER = bacons.MarvelApplication.MarvelWidget;
				PRODUCT_NAME = "$(TARGET_NAME)";
				SKIP_INSTALL = YES;
				SWIFT_VERSION = 5.0;
				TARGETED_DEVICE_FAMILY = "1,2";
			};
			name = Release;
		};
		65DBA83F23CE89BD00D99F70 /* Debug */ = {
			isa = XCBuildConfiguration;
			buildSettings = {
				ALWAYS_SEARCH_USER_PATHS = NO;
				CLANG_ANALYZER_NONNULL = YES;
				CLANG_ANALYZER_NUMBER_OBJECT_CONVERSION = YES_AGGRESSIVE;
				CLANG_CXX_LANGUAGE_STANDARD = "gnu++14";
				CLANG_CXX_LIBRARY = "libc++";
				CLANG_ENABLE_MODULES = YES;
				CLANG_ENABLE_OBJC_ARC = YES;
				CLANG_ENABLE_OBJC_WEAK = YES;
				CLANG_WARN_BLOCK_CAPTURE_AUTORELEASING = YES;
				CLANG_WARN_BOOL_CONVERSION = YES;
				CLANG_WARN_COMMA = YES;
				CLANG_WARN_CONSTANT_CONVERSION = YES;
				CLANG_WARN_DEPRECATED_OBJC_IMPLEMENTATIONS = YES;
				CLANG_WARN_DIRECT_OBJC_ISA_USAGE = YES_ERROR;
				CLANG_WARN_DOCUMENTATION_COMMENTS = YES;
				CLANG_WARN_EMPTY_BODY = YES;
				CLANG_WARN_ENUM_CONVERSION = YES;
				CLANG_WARN_INFINITE_RECURSION = YES;
				CLANG_WARN_INT_CONVERSION = YES;
				CLANG_WARN_NON_LITERAL_NULL_CONVERSION = YES;
				CLANG_WARN_OBJC_IMPLICIT_RETAIN_SELF = YES;
				CLANG_WARN_OBJC_LITERAL_CONVERSION = YES;
				CLANG_WARN_OBJC_ROOT_CLASS = YES_ERROR;
				CLANG_WARN_RANGE_LOOP_ANALYSIS = YES;
				CLANG_WARN_STRICT_PROTOTYPES = YES;
				CLANG_WARN_SUSPICIOUS_MOVE = YES;
				CLANG_WARN_UNGUARDED_AVAILABILITY = YES_AGGRESSIVE;
				CLANG_WARN_UNREACHABLE_CODE = YES;
				CLANG_WARN__DUPLICATE_METHOD_MATCH = YES;
				COPY_PHASE_STRIP = NO;
				DEBUG_INFORMATION_FORMAT = dwarf;
				ENABLE_STRICT_OBJC_MSGSEND = YES;
				ENABLE_TESTABILITY = YES;
				GCC_C_LANGUAGE_STANDARD = gnu11;
				GCC_DYNAMIC_NO_PIC = NO;
				GCC_NO_COMMON_BLOCKS = YES;
				GCC_OPTIMIZATION_LEVEL = 0;
				GCC_PREPROCESSOR_DEFINITIONS = (
					"DEBUG=1",
					"$(inherited)",
				);
				GCC_WARN_64_TO_32_BIT_CONVERSION = YES;
				GCC_WARN_ABOUT_RETURN_TYPE = YES_ERROR;
				GCC_WARN_UNDECLARED_SELECTOR = YES;
				GCC_WARN_UNINITIALIZED_AUTOS = YES_AGGRESSIVE;
				GCC_WARN_UNUSED_FUNCTION = YES;
				GCC_WARN_UNUSED_VARIABLE = YES;
				IPHONEOS_DEPLOYMENT_TARGET = 13.1;
				MTL_ENABLE_DEBUG_INFO = INCLUDE_SOURCE;
				MTL_FAST_MATH = YES;
				ONLY_ACTIVE_ARCH = YES;
				SDKROOT = iphoneos;
				SWIFT_ACTIVE_COMPILATION_CONDITIONS = DEBUG;
				SWIFT_OPTIMIZATION_LEVEL = "-Onone";
				SWIFT_VERSION = 4.0;
			};
			name = Debug;
		};
		65DBA84023CE89BD00D99F70 /* Release */ = {
			isa = XCBuildConfiguration;
			buildSettings = {
				ALWAYS_SEARCH_USER_PATHS = NO;
				CLANG_ANALYZER_NONNULL = YES;
				CLANG_ANALYZER_NUMBER_OBJECT_CONVERSION = YES_AGGRESSIVE;
				CLANG_CXX_LANGUAGE_STANDARD = "gnu++14";
				CLANG_CXX_LIBRARY = "libc++";
				CLANG_ENABLE_MODULES = YES;
				CLANG_ENABLE_OBJC_ARC = YES;
				CLANG_ENABLE_OBJC_WEAK = YES;
				CLANG_WARN_BLOCK_CAPTURE_AUTORELEASING = YES;
				CLANG_WARN_BOOL_CONVERSION = YES;
				CLANG_WARN_COMMA = YES;
				CLANG_WARN_CONSTANT_CONVERSION = YES;
				CLANG_WARN_DEPRECATED_OBJC_IMPLEMENTATIONS = YES;
				CLANG_WARN_DIRECT_OBJC_ISA_USAGE = YES_ERROR;
				CLANG_WARN_DOCUMENTATION_COMMENTS = YES;
				CLANG_WARN_EMPTY_BODY = YES;
				CLANG_WARN_ENUM_CONVERSION = YES;
				CLANG_WARN_INFINITE_RECURSION = YES;
				CLANG_WARN_INT_CONVERSION = YES;
				CLANG_WARN_NON_LITERAL_NULL_CONVERSION = YES;
				CLANG_WARN_OBJC_IMPLICIT_RETAIN_SELF = YES;
				CLANG_WARN_OBJC_LITERAL_CONVERSION = YES;
				CLANG_WARN_OBJC_ROOT_CLASS = YES_ERROR;
				CLANG_WARN_RANGE_LOOP_ANALYSIS = YES;
				CLANG_WARN_STRICT_PROTOTYPES = YES;
				CLANG_WARN_SUSPICIOUS_MOVE = YES;
				CLANG_WARN_UNGUARDED_AVAILABILITY = YES_AGGRESSIVE;
				CLANG_WARN_UNREACHABLE_CODE = YES;
				CLANG_WARN__DUPLICATE_METHOD_MATCH = YES;
				COPY_PHASE_STRIP = NO;
				DEBUG_INFORMATION_FORMAT = "dwarf-with-dsym";
				ENABLE_NS_ASSERTIONS = NO;
				ENABLE_STRICT_OBJC_MSGSEND = YES;
				GCC_C_LANGUAGE_STANDARD = gnu11;
				GCC_NO_COMMON_BLOCKS = YES;
				GCC_WARN_64_TO_32_BIT_CONVERSION = YES;
				GCC_WARN_ABOUT_RETURN_TYPE = YES_ERROR;
				GCC_WARN_UNDECLARED_SELECTOR = YES;
				GCC_WARN_UNINITIALIZED_AUTOS = YES_AGGRESSIVE;
				GCC_WARN_UNUSED_FUNCTION = YES;
				GCC_WARN_UNUSED_VARIABLE = YES;
				IPHONEOS_DEPLOYMENT_TARGET = 13.1;
				MTL_ENABLE_DEBUG_INFO = NO;
				MTL_FAST_MATH = YES;
				SDKROOT = iphoneos;
				SWIFT_COMPILATION_MODE = wholemodule;
				SWIFT_OPTIMIZATION_LEVEL = "-O";
				SWIFT_VERSION = 4.0;
				VALIDATE_PRODUCT = YES;
			};
			name = Release;
		};
		65DBA84223CE89BD00D99F70 /* Debug */ = {
			isa = XCBuildConfiguration;
			buildSettings = {
				ALWAYS_EMBED_SWIFT_STANDARD_LIBRARIES = YES;
				ASSETCATALOG_COMPILER_APPICON_NAME = AppIcon;
				CODE_SIGN_ENTITLEMENTS = MarvelApplication/MarvelApplication.entitlements;
				CODE_SIGN_STYLE = Automatic;
				DEVELOPMENT_TEAM = 76D5N9UG2H;
				INFOPLIST_FILE = MarvelApplication/Info.plist;
				LD_RUNPATH_SEARCH_PATHS = (
					"$(inherited)",
					"@executable_path/Frameworks",
				);
				PRODUCT_BUNDLE_IDENTIFIER = bacons.MarvelApplication;
				PRODUCT_NAME = "$(TARGET_NAME)";
				SWIFT_VERSION = 5.0;
				TARGETED_DEVICE_FAMILY = "1,2";
			};
			name = Debug;
		};
		65DBA84323CE89BD00D99F70 /* Release */ = {
			isa = XCBuildConfiguration;
			buildSettings = {
				ALWAYS_EMBED_SWIFT_STANDARD_LIBRARIES = YES;
				ASSETCATALOG_COMPILER_APPICON_NAME = AppIcon;
				CODE_SIGN_ENTITLEMENTS = MarvelApplication/MarvelApplication.entitlements;
				CODE_SIGN_STYLE = Automatic;
				DEVELOPMENT_TEAM = 76D5N9UG2H;
				INFOPLIST_FILE = MarvelApplication/Info.plist;
				LD_RUNPATH_SEARCH_PATHS = (
					"$(inherited)",
					"@executable_path/Frameworks",
				);
				PRODUCT_BUNDLE_IDENTIFIER = bacons.MarvelApplication;
				PRODUCT_NAME = "$(TARGET_NAME)";
				SWIFT_VERSION = 5.0;
				TARGETED_DEVICE_FAMILY = "1,2";
			};
			name = Release;
		};
		65DBA84523CE89BD00D99F70 /* Debug */ = {
			isa = XCBuildConfiguration;
			buildSettings = {
				ALWAYS_EMBED_SWIFT_STANDARD_LIBRARIES = YES;
				BUNDLE_LOADER = "$(TEST_HOST)";
				CODE_SIGN_STYLE = Automatic;
				DEVELOPMENT_TEAM = 76D5N9UG2H;
				INFOPLIST_FILE = MarvelApplicationTests/Info.plist;
				IPHONEOS_DEPLOYMENT_TARGET = 13.1;
				LD_RUNPATH_SEARCH_PATHS = (
					"$(inherited)",
					"@executable_path/Frameworks",
					"@loader_path/Frameworks",
				);
				PRODUCT_BUNDLE_IDENTIFIER = bacons.MarvelApplicationTests;
				PRODUCT_NAME = "$(TARGET_NAME)";
				SWIFT_VERSION = 5.0;
				TARGETED_DEVICE_FAMILY = "1,2";
				TEST_HOST = "$(BUILT_PRODUCTS_DIR)/MarvelApplication.app/MarvelApplication";
			};
			name = Debug;
		};
		65DBA84623CE89BD00D99F70 /* Release */ = {
			isa = XCBuildConfiguration;
			buildSettings = {
				ALWAYS_EMBED_SWIFT_STANDARD_LIBRARIES = YES;
				BUNDLE_LOADER = "$(TEST_HOST)";
				CODE_SIGN_STYLE = Automatic;
				DEVELOPMENT_TEAM = 76D5N9UG2H;
				INFOPLIST_FILE = MarvelApplicationTests/Info.plist;
				IPHONEOS_DEPLOYMENT_TARGET = 13.1;
				LD_RUNPATH_SEARCH_PATHS = (
					"$(inherited)",
					"@executable_path/Frameworks",
					"@loader_path/Frameworks",
				);
				PRODUCT_BUNDLE_IDENTIFIER = bacons.MarvelApplicationTests;
				PRODUCT_NAME = "$(TARGET_NAME)";
				SWIFT_VERSION = 5.0;
				TARGETED_DEVICE_FAMILY = "1,2";
				TEST_HOST = "$(BUILT_PRODUCTS_DIR)/MarvelApplication.app/MarvelApplication";
			};
			name = Release;
		};
		65DBA84823CE89BD00D99F70 /* Debug */ = {
			isa = XCBuildConfiguration;
			buildSettings = {
				ALWAYS_EMBED_SWIFT_STANDARD_LIBRARIES = YES;
				CODE_SIGN_STYLE = Automatic;
				DEVELOPMENT_TEAM = 76D5N9UG2H;
				INFOPLIST_FILE = MarvelApplicationUITests/Info.plist;
				LD_RUNPATH_SEARCH_PATHS = (
					"$(inherited)",
					"@executable_path/Frameworks",
					"@loader_path/Frameworks",
				);
				PRODUCT_BUNDLE_IDENTIFIER = bacons.MarvelApplicationUITests;
				PRODUCT_NAME = "$(TARGET_NAME)";
				SWIFT_VERSION = 5.0;
				TARGETED_DEVICE_FAMILY = "1,2";
				TEST_TARGET_NAME = MarvelApplication;
			};
			name = Debug;
		};
		65DBA84923CE89BD00D99F70 /* Release */ = {
			isa = XCBuildConfiguration;
			buildSettings = {
				ALWAYS_EMBED_SWIFT_STANDARD_LIBRARIES = YES;
				CODE_SIGN_STYLE = Automatic;
				DEVELOPMENT_TEAM = 76D5N9UG2H;
				INFOPLIST_FILE = MarvelApplicationUITests/Info.plist;
				LD_RUNPATH_SEARCH_PATHS = (
					"$(inherited)",
					"@executable_path/Frameworks",
					"@loader_path/Frameworks",
				);
				PRODUCT_BUNDLE_IDENTIFIER = bacons.MarvelApplicationUITests;
				PRODUCT_NAME = "$(TARGET_NAME)";
				SWIFT_VERSION = 5.0;
				TARGETED_DEVICE_FAMILY = "1,2";
				TEST_TARGET_NAME = MarvelApplication;
			};
			name = Release;
		};
/* End XCBuildConfiguration section */

/* Begin XCConfigurationList section */
		65233DDA23D3B1C500406337 /* Build configuration list for PBXNativeTarget "MarvelWidget" */ = {
			isa = XCConfigurationList;
			buildConfigurations = (
				65233DDB23D3B1C500406337 /* Debug */,
				65233DDC23D3B1C500406337 /* Release */,
			);
			defaultConfigurationIsVisible = 0;
			defaultConfigurationName = Release;
		};
		65DBA81223CE89BA00D99F70 /* Build configuration list for PBXProject "MarvelApplication" */ = {
			isa = XCConfigurationList;
			buildConfigurations = (
				65DBA83F23CE89BD00D99F70 /* Debug */,
				65DBA84023CE89BD00D99F70 /* Release */,
			);
			defaultConfigurationIsVisible = 0;
			defaultConfigurationName = Release;
		};
		65DBA84123CE89BD00D99F70 /* Build configuration list for PBXNativeTarget "MarvelApplication" */ = {
			isa = XCConfigurationList;
			buildConfigurations = (
				65DBA84223CE89BD00D99F70 /* Debug */,
				65DBA84323CE89BD00D99F70 /* Release */,
			);
			defaultConfigurationIsVisible = 0;
			defaultConfigurationName = Release;
		};
		65DBA84423CE89BD00D99F70 /* Build configuration list for PBXNativeTarget "MarvelApplicationTests" */ = {
			isa = XCConfigurationList;
			buildConfigurations = (
				65DBA84523CE89BD00D99F70 /* Debug */,
				65DBA84623CE89BD00D99F70 /* Release */,
			);
			defaultConfigurationIsVisible = 0;
			defaultConfigurationName = Release;
		};
		65DBA84723CE89BD00D99F70 /* Build configuration list for PBXNativeTarget "MarvelApplicationUITests" */ = {
			isa = XCConfigurationList;
			buildConfigurations = (
				65DBA84823CE89BD00D99F70 /* Debug */,
				65DBA84923CE89BD00D99F70 /* Release */,
			);
			defaultConfigurationIsVisible = 0;
			defaultConfigurationName = Release;
		};
/* End XCConfigurationList section */
	};
	rootObject = 65DBA80F23CE89BA00D99F70 /* Project object */;
}
